
Microsoft Visual Studio Solution File, Format Version 12.00
# Visual Studio Version 17
VisualStudioVersion = 17.9.34622.214
MinimumVisualStudioVersion = 10.0.40219.1
Project("{FAE04EC0-301F-11D3-BF4B-00C04F79EFBC}") = "NetCoreSeguridadDoctores", "NetCoreSeguridadDoctores\NetCoreSeguridadDoctores.csproj", "{9138894D-698B-4829-9CE0-893013675789}"
EndProject
Global
	GlobalSection(SolutionConfigurationPlatforms) = preSolution
		Debug|Any CPU = Debug|Any CPU
		Release|Any CPU = Release|Any CPU
	EndGlobalSection
	GlobalSection(ProjectConfigurationPlatforms) = postSolution
		{9138894D-698B-4829-9CE0-893013675789}.Debug|Any CPU.ActiveCfg = Debug|Any CPU
		{9138894D-698B-4829-9CE0-893013675789}.Debug|Any CPU.Build.0 = Debug|Any CPU
		{9138894D-698B-4829-9CE0-893013675789}.Release|Any CPU.ActiveCfg = Release|Any CPU
		{9138894D-698B-4829-9CE0-893013675789}.Release|Any CPU.Build.0 = Release|Any CPU
	EndGlobalSection
	GlobalSection(SolutionProperties) = preSolution
		HideSolutionNode = FALSE
	EndGlobalSection
	GlobalSection(ExtensibilityGlobals) = postSolution
		SolutionGuid = {DDD8984F-8FAB-4B25-A844-E37623F490E4}
	EndGlobalSection
EndGlobal
