
Microsoft Visual Studio Solution File, Format Version 12.00
# Visual Studio Version 17
VisualStudioVersion = 17.9.34622.214
MinimumVisualStudioVersion = 10.0.40219.1
Project("{9A19103F-16F7-4668-BE54-9A1E7A4F7556}") = "WebApplicationEmpleados", "WebApplicationEmpleados\WebApplicationEmpleados.csproj", "{F880BB47-ECFE-4363-879F-0E261CC964C1}"
EndProject
Project("{FAE04EC0-301F-11D3-BF4B-00C04F79EFBC}") = "WebApplicationMVCEmpleados", "WebApplicationMVCEmpleados\WebApplicationMVCEmpleados.csproj", "{230B9A58-C470-453B-97AB-49BB98A2F015}"
EndProject
Global
	GlobalSection(SolutionConfigurationPlatforms) = preSolution
		Debug|Any CPU = Debug|Any CPU
		Release|Any CPU = Release|Any CPU
	EndGlobalSection
	GlobalSection(ProjectConfigurationPlatforms) = postSolution
		{F880BB47-ECFE-4363-879F-0E261CC964C1}.Debug|Any CPU.ActiveCfg = Debug|Any CPU
		{F880BB47-ECFE-4363-879F-0E261CC964C1}.Debug|Any CPU.Build.0 = Debug|Any CPU
		{F880BB47-ECFE-4363-879F-0E261CC964C1}.Release|Any CPU.ActiveCfg = Release|Any CPU
		{F880BB47-ECFE-4363-879F-0E261CC964C1}.Release|Any CPU.Build.0 = Release|Any CPU
		{230B9A58-C470-453B-97AB-49BB98A2F015}.Debug|Any CPU.ActiveCfg = Debug|Any CPU
		{230B9A58-C470-453B-97AB-49BB98A2F015}.Debug|Any CPU.Build.0 = Debug|Any CPU
		{230B9A58-C470-453B-97AB-49BB98A2F015}.Release|Any CPU.ActiveCfg = Release|Any CPU
		{230B9A58-C470-453B-97AB-49BB98A2F015}.Release|Any CPU.Build.0 = Release|Any CPU
	EndGlobalSection
	GlobalSection(SolutionProperties) = preSolution
		HideSolutionNode = FALSE
	EndGlobalSection
	GlobalSection(ExtensibilityGlobals) = postSolution
		SolutionGuid = {B5ABBCAF-3B20-4285-8706-59709B1D0E32}
	EndGlobalSection
EndGlobal
