
Microsoft Visual Studio Solution File, Format Version 12.00
# Visual Studio Version 17
VisualStudioVersion = 17.9.34622.214
MinimumVisualStudioVersion = 10.0.40219.1
Project("{FAE04EC0-301F-11D3-BF4B-00C04F79EFBC}") = "WebApplicationBucket", "WebApplicationBucket\WebApplicationBucket.csproj", "{42AA6623-3C7A-49A0-B1B0-372FE8978535}"
EndProject
Global
	GlobalSection(SolutionConfigurationPlatforms) = preSolution
		Debug|Any CPU = Debug|Any CPU
		Release|Any CPU = Release|Any CPU
	EndGlobalSection
	GlobalSection(ProjectConfigurationPlatforms) = postSolution
		{42AA6623-3C7A-49A0-B1B0-372FE8978535}.Debug|Any CPU.ActiveCfg = Debug|Any CPU
		{42AA6623-3C7A-49A0-B1B0-372FE8978535}.Debug|Any CPU.Build.0 = Debug|Any CPU
		{42AA6623-3C7A-49A0-B1B0-372FE8978535}.Release|Any CPU.ActiveCfg = Release|Any CPU
		{42AA6623-3C7A-49A0-B1B0-372FE8978535}.Release|Any CPU.Build.0 = Release|Any CPU
	EndGlobalSection
	GlobalSection(SolutionProperties) = preSolution
		HideSolutionNode = FALSE
	EndGlobalSection
	GlobalSection(ExtensibilityGlobals) = postSolution
		SolutionGuid = {745D5A03-C852-4691-8E78-81C11A1C8883}
	EndGlobalSection
EndGlobal
