
Microsoft Visual Studio Solution File, Format Version 12.00
# Visual Studio Version 17
VisualStudioVersion = 17.9.34622.214
MinimumVisualStudioVersion = 10.0.40219.1
Project("{FAE04EC0-301F-11D3-BF4B-00C04F79EFBC}") = "MvcCoreUtilidades", "MvcCoreUtilidades\MvcCoreUtilidades.csproj", "{ED849127-B7B1-4C13-BFB9-B8EA4151498E}"
EndProject
Global
	GlobalSection(SolutionConfigurationPlatforms) = preSolution
		Debug|Any CPU = Debug|Any CPU
		Release|Any CPU = Release|Any CPU
	EndGlobalSection
	GlobalSection(ProjectConfigurationPlatforms) = postSolution
		{ED849127-B7B1-4C13-BFB9-B8EA4151498E}.Debug|Any CPU.ActiveCfg = Debug|Any CPU
		{ED849127-B7B1-4C13-BFB9-B8EA4151498E}.Debug|Any CPU.Build.0 = Debug|Any CPU
		{ED849127-B7B1-4C13-BFB9-B8EA4151498E}.Release|Any CPU.ActiveCfg = Release|Any CPU
		{ED849127-B7B1-4C13-BFB9-B8EA4151498E}.Release|Any CPU.Build.0 = Release|Any CPU
	EndGlobalSection
	GlobalSection(SolutionProperties) = preSolution
		HideSolutionNode = FALSE
	EndGlobalSection
	GlobalSection(ExtensibilityGlobals) = postSolution
		SolutionGuid = {35D96332-D7BE-4916-B825-B3AAA14D0F29}
	EndGlobalSection
EndGlobal
