
Microsoft Visual Studio Solution File, Format Version 12.00
# Visual Studio Version 17
VisualStudioVersion = 17.9.34622.214
MinimumVisualStudioVersion = 10.0.40219.1
Project("{9A19103F-16F7-4668-BE54-9A1E7A4F7556}") = "ApiCorePersonas", "ApiCorePersonas\ApiCorePersonas.csproj", "{50E70842-D33B-4985-A4FE-3D989837BEF7}"
EndProject
Project("{FAE04EC0-301F-11D3-BF4B-00C04F79EFBC}") = "WebApplicationPersonasApi", "WebApplicationPersonasApi\WebApplicationPersonasApi.csproj", "{F15F80F9-0DBF-4BBA-855F-7CDEABC7DDC2}"
EndProject
Global
	GlobalSection(SolutionConfigurationPlatforms) = preSolution
		Debug|Any CPU = Debug|Any CPU
		Release|Any CPU = Release|Any CPU
	EndGlobalSection
	GlobalSection(ProjectConfigurationPlatforms) = postSolution
		{50E70842-D33B-4985-A4FE-3D989837BEF7}.Debug|Any CPU.ActiveCfg = Debug|Any CPU
		{50E70842-D33B-4985-A4FE-3D989837BEF7}.Debug|Any CPU.Build.0 = Debug|Any CPU
		{50E70842-D33B-4985-A4FE-3D989837BEF7}.Release|Any CPU.ActiveCfg = Release|Any CPU
		{50E70842-D33B-4985-A4FE-3D989837BEF7}.Release|Any CPU.Build.0 = Release|Any CPU
		{F15F80F9-0DBF-4BBA-855F-7CDEABC7DDC2}.Debug|Any CPU.ActiveCfg = Debug|Any CPU
		{F15F80F9-0DBF-4BBA-855F-7CDEABC7DDC2}.Debug|Any CPU.Build.0 = Debug|Any CPU
		{F15F80F9-0DBF-4BBA-855F-7CDEABC7DDC2}.Release|Any CPU.ActiveCfg = Release|Any CPU
		{F15F80F9-0DBF-4BBA-855F-7CDEABC7DDC2}.Release|Any CPU.Build.0 = Release|Any CPU
	EndGlobalSection
	GlobalSection(SolutionProperties) = preSolution
		HideSolutionNode = FALSE
	EndGlobalSection
	GlobalSection(ExtensibilityGlobals) = postSolution
		SolutionGuid = {DADD2B81-D838-4608-8148-1037C49517B8}
	EndGlobalSection
EndGlobal
