
Microsoft Visual Studio Solution File, Format Version 12.00
# Visual Studio Version 17
VisualStudioVersion = 17.8.34525.116
MinimumVisualStudioVersion = 10.0.40219.1
Project("{FAE04EC0-301F-11D3-BF4B-00C04F79EFBC}") = "MvcNetCoreEF", "MvcNetCoreEF\MvcNetCoreEF.csproj", "{D133E958-C7B0-4A0D-BF6F-B088A280ECCD}"
EndProject
Global
	GlobalSection(SolutionConfigurationPlatforms) = preSolution
		Debug|Any CPU = Debug|Any CPU
		Release|Any CPU = Release|Any CPU
	EndGlobalSection
	GlobalSection(ProjectConfigurationPlatforms) = postSolution
		{D133E958-C7B0-4A0D-BF6F-B088A280ECCD}.Debug|Any CPU.ActiveCfg = Debug|Any CPU
		{D133E958-C7B0-4A0D-BF6F-B088A280ECCD}.Debug|Any CPU.Build.0 = Debug|Any CPU
		{D133E958-C7B0-4A0D-BF6F-B088A280ECCD}.Release|Any CPU.ActiveCfg = Release|Any CPU
		{D133E958-C7B0-4A0D-BF6F-B088A280ECCD}.Release|Any CPU.Build.0 = Release|Any CPU
	EndGlobalSection
	GlobalSection(SolutionProperties) = preSolution
		HideSolutionNode = FALSE
	EndGlobalSection
	GlobalSection(ExtensibilityGlobals) = postSolution
		SolutionGuid = {C08D034D-C81F-4A1E-889C-6057C424A9D4}
	EndGlobalSection
EndGlobal
