
Microsoft Visual Studio Solution File, Format Version 12.00
# Visual Studio Version 17
VisualStudioVersion = 17.8.34525.116
MinimumVisualStudioVersion = 10.0.40219.1
Project("{FAE04EC0-301F-11D3-BF4B-00C04F79EFBC}") = "MvcEntityFrameWorkComics", "MvcEntityFrameWorkComics\MvcEntityFrameWorkComics.csproj", "{4463306B-6B7C-4D74-A2C8-477D823AF6FD}"
EndProject
Global
	GlobalSection(SolutionConfigurationPlatforms) = preSolution
		Debug|Any CPU = Debug|Any CPU
		Release|Any CPU = Release|Any CPU
	EndGlobalSection
	GlobalSection(ProjectConfigurationPlatforms) = postSolution
		{4463306B-6B7C-4D74-A2C8-477D823AF6FD}.Debug|Any CPU.ActiveCfg = Debug|Any CPU
		{4463306B-6B7C-4D74-A2C8-477D823AF6FD}.Debug|Any CPU.Build.0 = Debug|Any CPU
		{4463306B-6B7C-4D74-A2C8-477D823AF6FD}.Release|Any CPU.ActiveCfg = Release|Any CPU
		{4463306B-6B7C-4D74-A2C8-477D823AF6FD}.Release|Any CPU.Build.0 = Release|Any CPU
	EndGlobalSection
	GlobalSection(SolutionProperties) = preSolution
		HideSolutionNode = FALSE
	EndGlobalSection
	GlobalSection(ExtensibilityGlobals) = postSolution
		SolutionGuid = {E73A730A-BB80-40E8-98F7-C83F22A2F544}
	EndGlobalSection
EndGlobal
