
Microsoft Visual Studio Solution File, Format Version 12.00
# Visual Studio Version 17
VisualStudioVersion = 17.9.34622.214
MinimumVisualStudioVersion = 10.0.40219.1
Project("{FAE04EC0-301F-11D3-BF4B-00C04F79EFBC}") = "ClassLibraryAirports", "ClassLibraryAirports\ClassLibraryAirports.csproj", "{A2E30E7A-8D81-47CC-99E7-CBB31ECA4634}"
EndProject
Project("{FAE04EC0-301F-11D3-BF4B-00C04F79EFBC}") = "WebApplicationAirport", "WebApplicationAirport\WebApplicationAirport.csproj", "{18D3FDC1-401F-462F-AC1C-C44CC0F0283E}"
EndProject
Global
	GlobalSection(SolutionConfigurationPlatforms) = preSolution
		Debug|Any CPU = Debug|Any CPU
		Release|Any CPU = Release|Any CPU
	EndGlobalSection
	GlobalSection(ProjectConfigurationPlatforms) = postSolution
		{A2E30E7A-8D81-47CC-99E7-CBB31ECA4634}.Debug|Any CPU.ActiveCfg = Debug|Any CPU
		{A2E30E7A-8D81-47CC-99E7-CBB31ECA4634}.Debug|Any CPU.Build.0 = Debug|Any CPU
		{A2E30E7A-8D81-47CC-99E7-CBB31ECA4634}.Release|Any CPU.ActiveCfg = Release|Any CPU
		{A2E30E7A-8D81-47CC-99E7-CBB31ECA4634}.Release|Any CPU.Build.0 = Release|Any CPU
		{18D3FDC1-401F-462F-AC1C-C44CC0F0283E}.Debug|Any CPU.ActiveCfg = Debug|Any CPU
		{18D3FDC1-401F-462F-AC1C-C44CC0F0283E}.Debug|Any CPU.Build.0 = Debug|Any CPU
		{18D3FDC1-401F-462F-AC1C-C44CC0F0283E}.Release|Any CPU.ActiveCfg = Release|Any CPU
		{18D3FDC1-401F-462F-AC1C-C44CC0F0283E}.Release|Any CPU.Build.0 = Release|Any CPU
	EndGlobalSection
	GlobalSection(SolutionProperties) = preSolution
		HideSolutionNode = FALSE
	EndGlobalSection
	GlobalSection(ExtensibilityGlobals) = postSolution
		SolutionGuid = {513D5A01-8E88-4DD0-AECD-2F246D4E4266}
	EndGlobalSection
EndGlobal
