
Microsoft Visual Studio Solution File, Format Version 12.00
# Visual Studio Version 17
VisualStudioVersion = 17.9.34622.214
MinimumVisualStudioVersion = 10.0.40219.1
Project("{FAE04EC0-301F-11D3-BF4B-00C04F79EFBC}") = "MvcCoreCliente", "MvcCoreCliente\MvcCoreCliente.csproj", "{6BEB602E-283E-48D6-9386-1AC7966B4B67}"
EndProject
Global
	GlobalSection(SolutionConfigurationPlatforms) = preSolution
		Debug|Any CPU = Debug|Any CPU
		Release|Any CPU = Release|Any CPU
	EndGlobalSection
	GlobalSection(ProjectConfigurationPlatforms) = postSolution
		{6BEB602E-283E-48D6-9386-1AC7966B4B67}.Debug|Any CPU.ActiveCfg = Debug|Any CPU
		{6BEB602E-283E-48D6-9386-1AC7966B4B67}.Debug|Any CPU.Build.0 = Debug|Any CPU
		{6BEB602E-283E-48D6-9386-1AC7966B4B67}.Release|Any CPU.ActiveCfg = Release|Any CPU
		{6BEB602E-283E-48D6-9386-1AC7966B4B67}.Release|Any CPU.Build.0 = Release|Any CPU
	EndGlobalSection
	GlobalSection(SolutionProperties) = preSolution
		HideSolutionNode = FALSE
	EndGlobalSection
	GlobalSection(ExtensibilityGlobals) = postSolution
		SolutionGuid = {D330B248-7CF5-4BA9-BA56-C3F4809333B0}
	EndGlobalSection
EndGlobal
